
Microsoft Visual Studio Solution File, Format Version 12.00
# Visual Studio Version 17
VisualStudioVersion = 17.8.34330.188
MinimumVisualStudioVersion = 10.0.40219.1
Project("{9A19103F-16F7-4668-BE54-9A1E7A4F7556}") = "ProcessMappingApi", "ProcessMappingApi\ProcessMappingApi.csproj", "{3CFF12BB-3A9D-4CC1-A988-664F0CA6208A}"
EndProject
Project("{2150E333-8FDC-42A3-9474-1A3956D46DE8}") = "Solution Items", "Solution Items", "{C737FF2A-63AA-4025-A050-E5FA957E5FE2}"
	ProjectSection(SolutionItems) = preProject
		docker-compose.yml = docker-compose.yml
	EndProjectSection
EndProject
Global
	GlobalSection(SolutionConfigurationPlatforms) = preSolution
		Debug|Any CPU = Debug|Any CPU
		Release|Any CPU = Release|Any CPU
	EndGlobalSection
	GlobalSection(ProjectConfigurationPlatforms) = postSolution
		{3CFF12BB-3A9D-4CC1-A988-664F0CA6208A}.Debug|Any CPU.ActiveCfg = Debug|Any CPU
		{3CFF12BB-3A9D-4CC1-A988-664F0CA6208A}.Debug|Any CPU.Build.0 = Debug|Any CPU
		{3CFF12BB-3A9D-4CC1-A988-664F0CA6208A}.Release|Any CPU.ActiveCfg = Release|Any CPU
		{3CFF12BB-3A9D-4CC1-A988-664F0CA6208A}.Release|Any CPU.Build.0 = Release|Any CPU
	EndGlobalSection
	GlobalSection(SolutionProperties) = preSolution
		HideSolutionNode = FALSE
	EndGlobalSection
	GlobalSection(ExtensibilityGlobals) = postSolution
		SolutionGuid = {46922DD0-C22B-44CC-B661-9468D97A0B53}
	EndGlobalSection
EndGlobal
